PODS:
  - Charts (4.1.0):
    - Charts/Core (= 4.1.0)
  - Charts/Core (4.1.0):
    - SwiftAlgorithms (~> 1.0)
  - SDWebImage (5.18.2):
    - SDWebImage/Core (= 5.18.2)
  - SDWebImage/Core (5.18.2)
  - SDWebImageSwiftUI (2.2.3):
    - SDWebImage (~> 5.10)
  - SwiftAlgorithms (1.0.0)

DEPENDENCIES:
  - Charts
  - SDWebImageSwiftUI

SPEC REPOS:
  trunk:
    - Charts
    - SDWebImage
    - SDWebImageSwiftUI
    - SwiftAlgorithms

SPEC CHECKSUMS:
  Charts: ce0768268078eee0336f122c3c4ca248e4e204c5
  SDWebImage: c0de394d7cf7f9838aed1fd6bb6037654a4572e4
  SDWebImageSwiftUI: 17396b7889f9abc27231caaeb64c537564284aab
  SwiftAlgorithms: 38dda4731d19027fdeee1125f973111bf3386b53

PODFILE CHECKSUM: 704c5a6b5f9d371e5bed0a5cdb06b5980aef91cb

COCOAPODS: 1.11.3
