// !$*UTF8*$!
{
	archiveVersion = 1;
	classes = {
	};
	objectVersion = 56;
	objects = {

/* Begin PBXBuildFile section */
		1A2777F62B0F2E11003732ED /* NewsView.swift in Sources */ = {isa = PBXBuildFile; fileRef = 1A2777F52B0F2E11003732ED /* NewsView.swift */; };
		1A2777F82B0F3651003732ED /* News.swift in Sources */ = {isa = PBXBuildFile; fileRef = 1A2777F72B0F3651003732ED /* News.swift */; };
		1A2777FA2B0F3794003732ED /* EndPoint.swift in Sources */ = {isa = PBXBuildFile; fileRef = 1A2777F92B0F3794003732ED /* EndPoint.swift */; };
		1A2777FC2B0F40E2003732ED /* Article.swift in Sources */ = {isa = PBXBuildFile; fileRef = 1A2777FB2B0F40E2003732ED /* Article.swift */; };
		1A2A2AA22AD8F546003AAFA1 /* Setting.swift in Sources */ = {isa = PBXBuildFile; fileRef = 1A2A2AA12AD8F546003AAFA1 /* Setting.swift */; };
		1A2A2AA42AD92631003AAFA1 /* PreviewProvider+.swift in Sources */ = {isa = PBXBuildFile; fileRef = 1A2A2AA32AD92631003AAFA1 /* PreviewProvider+.swift */; };
		1A2A2AA72AD92D64003AAFA1 /* MarketView.swift in Sources */ = {isa = PBXBuildFile; fileRef = 1A2A2AA62AD92D64003AAFA1 /* MarketView.swift */; };
		1A2A2AA92AD92FDA003AAFA1 /* LoadImage.swift in Sources */ = {isa = PBXBuildFile; fileRef = 1A2A2AA82AD92FDA003AAFA1 /* LoadImage.swift */; };
		1A2CD8EE2AFE3C9B00FE3D47 /* LoadingView.swift in Sources */ = {isa = PBXBuildFile; fileRef = 1A2CD8ED2AFE3C9B00FE3D47 /* LoadingView.swift */; };
		1A2CD8F22B01CD9D00FE3D47 /* GoogleService-Info.plist in Resources */ = {isa = PBXBuildFile; fileRef = 1A2CD8F12B01CD9D00FE3D47 /* GoogleService-Info.plist */; };
		1A2CD8F52B01DB4900FE3D47 /* UserFirebase.swift in Sources */ = {isa = PBXBuildFile; fileRef = 1A2CD8F42B01DB4900FE3D47 /* UserFirebase.swift */; };
		1A2CD8F72B02143300FE3D47 /* UserAuth.swift in Sources */ = {isa = PBXBuildFile; fileRef = 1A2CD8F62B02143300FE3D47 /* UserAuth.swift */; };
		1A2CD8F92B021F6B00FE3D47 /* TextFieldLogin.swift in Sources */ = {isa = PBXBuildFile; fileRef = 1A2CD8F82B021F6B00FE3D47 /* TextFieldLogin.swift */; };
		1A2CD8FC2B022CD300FE3D47 /* P2PView.swift in Sources */ = {isa = PBXBuildFile; fileRef = 1A2CD8FB2B022CD300FE3D47 /* P2PView.swift */; };
		1A415E732B030CF5009A004A /* NFTDetailView.swift in Sources */ = {isa = PBXBuildFile; fileRef = 1A415E722B030CF5009A004A /* NFTDetailView.swift */; };
		1A415E7C2B048778009A004A /* CoinDetailView.swift in Sources */ = {isa = PBXBuildFile; fileRef = 1A415E7B2B048778009A004A /* CoinDetailView.swift */; };
		1A415E7E2B066FCB009A004A /* CustomSliderView.swift in Sources */ = {isa = PBXBuildFile; fileRef = 1A415E7D2B066FCA009A004A /* CustomSliderView.swift */; };
		1A415E802B07551D009A004A /* CoinViewModel.swift in Sources */ = {isa = PBXBuildFile; fileRef = 1A415E7F2B07551D009A004A /* CoinViewModel.swift */; };
		1A4827A62AF3924100DDCC81 /* SwiftUINavigation in Frameworks */ = {isa = PBXBuildFile; productRef = 1A4827A52AF3924100DDCC81 /* SwiftUINavigation */; };
		1A4827AA2AF39A4300DDCC81 /* Coordinator.swift in Sources */ = {isa = PBXBuildFile; fileRef = 1A4827A92AF39A4300DDCC81 /* Coordinator.swift */; };
		1A4827AC2AF39B5400DDCC81 /* AppDelegate.swift in Sources */ = {isa = PBXBuildFile; fileRef = 1A4827AB2AF39B5400DDCC81 /* AppDelegate.swift */; };
		1A4827B02AF39E8E00DDCC81 /* SceneDelegate.swift in Sources */ = {isa = PBXBuildFile; fileRef = 1A4827AF2AF39E8E00DDCC81 /* SceneDelegate.swift */; };
		1A4827B22AF3A22900DDCC81 /* AppRouter.swift in Sources */ = {isa = PBXBuildFile; fileRef = 1A4827B12AF3A22900DDCC81 /* AppRouter.swift */; };
		1A4827B62AF3EC4700DDCC81 /* UINavigation+.swift in Sources */ = {isa = PBXBuildFile; fileRef = 1A4827B52AF3EC4700DDCC81 /* UINavigation+.swift */; };
		1A4827B82AF4921000DDCC81 /* WithdrawViewExtDeposit.swift in Sources */ = {isa = PBXBuildFile; fileRef = 1A4827B72AF4921000DDCC81 /* WithdrawViewExtDeposit.swift */; };
		1A4827BB2AF4A17B00DDCC81 /* PersonalView.swift in Sources */ = {isa = PBXBuildFile; fileRef = 1A4827BA2AF4A17B00DDCC81 /* PersonalView.swift */; };
		1A4827BD2AF4E24100DDCC81 /* PersonalLineChart.swift in Sources */ = {isa = PBXBuildFile; fileRef = 1A4827BC2AF4E24100DDCC81 /* PersonalLineChart.swift */; };
		1A4827C12AF7648D00DDCC81 /* CoreDataController.swift in Sources */ = {isa = PBXBuildFile; fileRef = 1A4827C02AF7648D00DDCC81 /* CoreDataController.swift */; };
		1A4827C32AF7E1DB00DDCC81 /* PersonalViewModel.swift in Sources */ = {isa = PBXBuildFile; fileRef = 1A4827C22AF7E1DB00DDCC81 /* PersonalViewModel.swift */; };
		1A4827C52AF8816200DDCC81 /* PersonalPieChart.swift in Sources */ = {isa = PBXBuildFile; fileRef = 1A4827C42AF8816200DDCC81 /* PersonalPieChart.swift */; };
		1A4E50242B1F2BC800CCFC39 /* CameraViewController.swift in Sources */ = {isa = PBXBuildFile; fileRef = 1A4E50232B1F2BC800CCFC39 /* CameraViewController.swift */; };
		1A4E50262B1F2DD500CCFC39 /* CameraView.swift in Sources */ = {isa = PBXBuildFile; fileRef = 1A4E50252B1F2DD500CCFC39 /* CameraView.swift */; };
		1A5895112B13BDEB00A4AE39 /* AfterScan.swift in Sources */ = {isa = PBXBuildFile; fileRef = 1A5895102B13BDEB00A4AE39 /* AfterScan.swift */; };
		1A5895132B158C1600A4AE39 /* Date+.swift in Sources */ = {isa = PBXBuildFile; fileRef = 1A5895122B158C1600A4AE39 /* Date+.swift */; };
		1A5895152B158C4D00A4AE39 /* DetailCoin.swift in Sources */ = {isa = PBXBuildFile; fileRef = 1A5895142B158C4D00A4AE39 /* DetailCoin.swift */; };
		1A5895192B15A43A00A4AE39 /* CodeScannerView.swift in Sources */ = {isa = PBXBuildFile; fileRef = 1A5895182B15A43A00A4AE39 /* CodeScannerView.swift */; };
		1A5FBA3D2AD40D0500BD339A /* HistoryHeaderView.swift in Sources */ = {isa = PBXBuildFile; fileRef = 1A5FBA3C2AD40D0500BD339A /* HistoryHeaderView.swift */; };
		1A5FBA3F2AD40D5E00BD339A /* SearchField.swift in Sources */ = {isa = PBXBuildFile; fileRef = 1A5FBA3E2AD40D5E00BD339A /* SearchField.swift */; };
		1A5FBA412AD40D9E00BD339A /* FilterAndDatePicker.swift in Sources */ = {isa = PBXBuildFile; fileRef = 1A5FBA402AD40D9E00BD339A /* FilterAndDatePicker.swift */; };
		1A5FBA432AD40DE400BD339A /* ListCoinPageView.swift in Sources */ = {isa = PBXBuildFile; fileRef = 1A5FBA422AD40DE400BD339A /* ListCoinPageView.swift */; };
		1A609A592AE6C6940089C8FF /* Buy.swift in Sources */ = {isa = PBXBuildFile; fileRef = 1A609A582AE6C6940089C8FF /* Buy.swift */; };
		1A609A5B2AE6D0390089C8FF /* HomeViewModel.swift in Sources */ = {isa = PBXBuildFile; fileRef = 1A609A5A2AE6D0390089C8FF /* HomeViewModel.swift */; };
		1A609A642AE8D1600089C8FF /* WithdrawView.swift in Sources */ = {isa = PBXBuildFile; fileRef = 1A609A632AE8D1600089C8FF /* WithdrawView.swift */; };
		1A6852392B0C9CD90048A33B /* CoinCandleStickChart.swift in Sources */ = {isa = PBXBuildFile; fileRef = 1A6852382B0C9CD90048A33B /* CoinCandleStickChart.swift */; };
		1A70C65E2B15E15F008562E3 /* ScannerMainViewController.swift in Sources */ = {isa = PBXBuildFile; fileRef = 1A70C65C2B15E15F008562E3 /* ScannerMainViewController.swift */; };
		1A70C65F2B15E15F008562E3 /* ScannerMainViewController.xib in Resources */ = {isa = PBXBuildFile; fileRef = 1A70C65D2B15E15F008562E3 /* ScannerMainViewController.xib */; };
		1A747ED32AFC7824006BF445 /* CoinInfo.swift in Sources */ = {isa = PBXBuildFile; fileRef = 1A747ED22AFC7824006BF445 /* CoinInfo.swift */; };
		1A747ED52AFC7DA8006BF445 /* AssetPlatform.swift in Sources */ = {isa = PBXBuildFile; fileRef = 1A747ED42AFC7DA8006BF445 /* AssetPlatform.swift */; };
		1A747ED72AFC8064006BF445 /* NFTInfo.swift in Sources */ = {isa = PBXBuildFile; fileRef = 1A747ED62AFC8064006BF445 /* NFTInfo.swift */; };
		1A747ED92AFC83D5006BF445 /* NFT.swift in Sources */ = {isa = PBXBuildFile; fileRef = 1A747ED82AFC83D5006BF445 /* NFT.swift */; };
		1A81468E2B16D0BC004B2B62 /* ExchangeRate.swift in Sources */ = {isa = PBXBuildFile; fileRef = 1A81468D2B16D0BC004B2B62 /* ExchangeRate.swift */; };
		1A8146912B16D4E1004B2B62 /* ExchangeView.swift in Sources */ = {isa = PBXBuildFile; fileRef = 1A8146902B16D4E1004B2B62 /* ExchangeView.swift */; };
		1A8146932B16E8FE004B2B62 /* ExchangeViewModel.swift in Sources */ = {isa = PBXBuildFile; fileRef = 1A8146922B16E8FE004B2B62 /* ExchangeViewModel.swift */; };
		1A86CBFE2ACD046800CDD0B5 /* MainTabBar.swift in Sources */ = {isa = PBXBuildFile; fileRef = 1A86CBFD2ACD046800CDD0B5 /* MainTabBar.swift */; };
		1A86CC022ACD053400CDD0B5 /* IconInCircleView.swift in Sources */ = {isa = PBXBuildFile; fileRef = 1A86CC012ACD053400CDD0B5 /* IconInCircleView.swift */; };
		1A86CC082ACD4B8B00CDD0B5 /* PureSwiftUI in Frameworks */ = {isa = PBXBuildFile; productRef = 1A86CC072ACD4B8B00CDD0B5 /* PureSwiftUI */; };
		1A86CC0B2ACE5D5100CDD0B5 /* Home.swift in Sources */ = {isa = PBXBuildFile; fileRef = 1A86CC0A2ACE5D5100CDD0B5 /* Home.swift */; };
		1A86CC0D2ACE70DC00CDD0B5 /* HomeHeaderView.swift in Sources */ = {isa = PBXBuildFile; fileRef = 1A86CC0C2ACE70DC00CDD0B5 /* HomeHeaderView.swift */; };
		1A86CC0F2ACE711900CDD0B5 /* CategoryListView.swift in Sources */ = {isa = PBXBuildFile; fileRef = 1A86CC0E2ACE711900CDD0B5 /* CategoryListView.swift */; };
		1A86CC112ACE712C00CDD0B5 /* CreditCardView.swift in Sources */ = {isa = PBXBuildFile; fileRef = 1A86CC102ACE712C00CDD0B5 /* CreditCardView.swift */; };
		1A86CC132ACE714400CDD0B5 /* MyAssetsView.swift in Sources */ = {isa = PBXBuildFile; fileRef = 1A86CC122ACE714400CDD0B5 /* MyAssetsView.swift */; };
		1A86CC162ACE8CF000CDD0B5 /* API.swift in Sources */ = {isa = PBXBuildFile; fileRef = 1A86CC152ACE8CF000CDD0B5 /* API.swift */; };
		1A86CC182ACE8DE300CDD0B5 /* APICaller.swift in Sources */ = {isa = PBXBuildFile; fileRef = 1A86CC172ACE8DE300CDD0B5 /* APICaller.swift */; };
		1A86CC1B2ACE9BC300CDD0B5 /* CoinMarket.swift in Sources */ = {isa = PBXBuildFile; fileRef = 1A86CC1A2ACE9BC300CDD0B5 /* CoinMarket.swift */; };
		1A86CC1D2ACEA09600CDD0B5 /* CoinMarketParam.swift in Sources */ = {isa = PBXBuildFile; fileRef = 1A86CC1C2ACEA09600CDD0B5 /* CoinMarketParam.swift */; };
		1A86CC1F2ACEADE900CDD0B5 /* CoinCard.swift in Sources */ = {isa = PBXBuildFile; fileRef = 1A86CC1E2ACEADE900CDD0B5 /* CoinCard.swift */; };
		1AB67C772AF8F25600AC77AB /* Launch Screen.storyboard in Resources */ = {isa = PBXBuildFile; fileRef = 1AB67C762AF8F25600AC77AB /* Launch Screen.storyboard */; };
		1AB67C7A2AF8F79D00AC77AB /* OnboardingView.swift in Sources */ = {isa = PBXBuildFile; fileRef = 1AB67C792AF8F79D00AC77AB /* OnboardingView.swift */; };
		1AB67C7D2AFA9EDB00AC77AB /* LoginView.swift in Sources */ = {isa = PBXBuildFile; fileRef = 1AB67C7C2AFA9EDB00AC77AB /* LoginView.swift */; };
		1AB6AC2C2ACC1B1700A0A6E2 /* ContentView.swift in Sources */ = {isa = PBXBuildFile; fileRef = 1AB6AC2B2ACC1B1700A0A6E2 /* ContentView.swift */; };
		1AB6AC2E2ACC1B1A00A0A6E2 /* Assets.xcassets in Resources */ = {isa = PBXBuildFile; fileRef = 1AB6AC2D2ACC1B1A00A0A6E2 /* Assets.xcassets */; };
		1AB6AC312ACC1B1A00A0A6E2 /* Preview Assets.xcassets in Resources */ = {isa = PBXBuildFile; fileRef = 1AB6AC302ACC1B1A00A0A6E2 /* Preview Assets.xcassets */; };
		1AB6AC362ACC1B1A00A0A6E2 /* CryptoTracking.xcdatamodeld in Sources */ = {isa = PBXBuildFile; fileRef = 1AB6AC342ACC1B1A00A0A6E2 /* CryptoTracking.xcdatamodeld */; };
		1AB6AC3E2ACC1C6C00A0A6E2 /* Color+.swift in Sources */ = {isa = PBXBuildFile; fileRef = 1AB6AC3D2ACC1C6C00A0A6E2 /* Color+.swift */; };
		1AB6AC422ACC1F0400A0A6E2 /* HomeView.swift in Sources */ = {isa = PBXBuildFile; fileRef = 1AB6AC412ACC1F0400A0A6E2 /* HomeView.swift */; };
		1AB6AC442ACC1FB000A0A6E2 /* HistoryView.swift in Sources */ = {isa = PBXBuildFile; fileRef = 1AB6AC432ACC1FB000A0A6E2 /* HistoryView.swift */; };
		1AB6AC462ACC204800A0A6E2 /* QrView.swift in Sources */ = {isa = PBXBuildFile; fileRef = 1AB6AC452ACC204800A0A6E2 /* QrView.swift */; };
		1AB6AC482ACC207600A0A6E2 /* NFTView.swift in Sources */ = {isa = PBXBuildFile; fileRef = 1AB6AC472ACC207600A0A6E2 /* NFTView.swift */; };
		1AB6AC4A2ACC208000A0A6E2 /* SettingView.swift in Sources */ = {isa = PBXBuildFile; fileRef = 1AB6AC492ACC208000A0A6E2 /* SettingView.swift */; };
		1AB6AC4C2ACD02E000A0A6E2 /* TabBarCustom.swift in Sources */ = {isa = PBXBuildFile; fileRef = 1AB6AC4B2ACD02E000A0A6E2 /* TabBarCustom.swift */; };
		1ABD4DFF2B19C218003FD835 /* ArticleView.swift in Sources */ = {isa = PBXBuildFile; fileRef = 1ABD4DFE2B19C218003FD835 /* ArticleView.swift */; };
		1ABD4E022B1DDB33003FD835 /* KYCView.swift in Sources */ = {isa = PBXBuildFile; fileRef = 1ABD4E012B1DDB33003FD835 /* KYCView.swift */; };
		1AC411BD2B124E8D002E9A1B /* NewsViewModel.swift in Sources */ = {isa = PBXBuildFile; fileRef = 1AC411BC2B124E8D002E9A1B /* NewsViewModel.swift */; };
		1AC411BF2B12E614002E9A1B /* NewsDetailView.swift in Sources */ = {isa = PBXBuildFile; fileRef = 1AC411BE2B12E614002E9A1B /* NewsDetailView.swift */; };
		1AD2BFB72AE2EA0A006711FB /* String+.swift in Sources */ = {isa = PBXBuildFile; fileRef = 1AD2BFB62AE2EA0A006711FB /* String+.swift */; };
		1AD2BFB92AE403EA006711FB /* Double+.swift in Sources */ = {isa = PBXBuildFile; fileRef = 1AD2BFB82AE403EA006711FB /* Double+.swift */; };
		1AD2BFBB2AE42D82006711FB /* MarketViewModel.swift in Sources */ = {isa = PBXBuildFile; fileRef = 1AD2BFBA2AE42D82006711FB /* MarketViewModel.swift */; };
		1AD2BFBE2AE43F34006711FB /* CoinDataService.swift in Sources */ = {isa = PBXBuildFile; fileRef = 1AD2BFBD2AE43F34006711FB /* CoinDataService.swift */; };
		1AD2DAE72AFDE6410077C5F8 /* NFTViewModel.swift in Sources */ = {isa = PBXBuildFile; fileRef = 1AD2DAE62AFDE6410077C5F8 /* NFTViewModel.swift */; };
		1AE1AF6A2AEBC0E0002AAC7D /* View+.swift in Sources */ = {isa = PBXBuildFile; fileRef = 1AE1AF692AEBC0E0002AAC7D /* View+.swift */; };
		1AE1AF6C2AEF4227002AAC7D /* BottomSheetCustom.swift in Sources */ = {isa = PBXBuildFile; fileRef = 1AE1AF6B2AEF4227002AAC7D /* BottomSheetCustom.swift */; };
		1AE1AF6E2AF1578C002AAC7D /* WithDrawViewExt.swift in Sources */ = {isa = PBXBuildFile; fileRef = 1AE1AF6D2AF1578B002AAC7D /* WithDrawViewExt.swift */; };
		1AE1AF702AF206EF002AAC7D /* Withdraw.swift in Sources */ = {isa = PBXBuildFile; fileRef = 1AE1AF6F2AF206EF002AAC7D /* Withdraw.swift */; };
		1AE1AF722AF20727002AAC7D /* CustomTextField.swift in Sources */ = {isa = PBXBuildFile; fileRef = 1AE1AF712AF20727002AAC7D /* CustomTextField.swift */; };
		1AE4418D2B077669002E4140 /* RotationBanner.swift in Sources */ = {isa = PBXBuildFile; fileRef = 1AE4418C2B077669002E4140 /* RotationBanner.swift */; };
		2B1E8F552F975F14C2C05FCA /* Pods_CryptoTracking.framework in Frameworks */ = {isa = PBXBuildFile; fileRef = CFCACD21C7DFC2B17676327E /* Pods_CryptoTracking.framework */; };
/* End PBXBuildFile section */

/* Begin PBXFileReference section */
		1A2777F52B0F2E11003732ED /* NewsView.swift */ = {isa = PBXFileReference; lastKnownFileType = sourcecode.swift; path = NewsView.swift; sourceTree = "<group>"; };
		1A2777F72B0F3651003732ED /* News.swift */ = {isa = PBXFileReference; lastKnownFileType = sourcecode.swift; path = News.swift; sourceTree = "<group>"; };
		1A2777F92B0F3794003732ED /* EndPoint.swift */ = {isa = PBXFileReference; lastKnownFileType = sourcecode.swift; path = EndPoint.swift; sourceTree = "<group>"; };
		1A2777FB2B0F40E2003732ED /* Article.swift */ = {isa = PBXFileReference; lastKnownFileType = sourcecode.swift; path = Article.swift; sourceTree = "<group>"; };
		1A2A2AA12AD8F546003AAFA1 /* Setting.swift */ = {isa = PBXFileReference; lastKnownFileType = sourcecode.swift; path = Setting.swift; sourceTree = "<group>"; };
		1A2A2AA32AD92631003AAFA1 /* PreviewProvider+.swift */ = {isa = PBXFileReference; lastKnownFileType = sourcecode.swift; path = "PreviewProvider+.swift"; sourceTree = "<group>"; };
		1A2A2AA62AD92D64003AAFA1 /* MarketView.swift */ = {isa = PBXFileReference; lastKnownFileType = sourcecode.swift; path = MarketView.swift; sourceTree = "<group>"; };
		1A2A2AA82AD92FDA003AAFA1 /* LoadImage.swift */ = {isa = PBXFileReference; lastKnownFileType = sourcecode.swift; path = LoadImage.swift; sourceTree = "<group>"; };
		1A2CD8ED2AFE3C9B00FE3D47 /* LoadingView.swift */ = {isa = PBXFileReference; lastKnownFileType = sourcecode.swift; path = LoadingView.swift; sourceTree = "<group>"; };
		1A2CD8F12B01CD9D00FE3D47 /* GoogleService-Info.plist */ = {isa = PBXFileReference; fileEncoding = 4; lastKnownFileType = text.plist.xml; path = "GoogleService-Info.plist"; sourceTree = "<group>"; };
		1A2CD8F42B01DB4900FE3D47 /* UserFirebase.swift */ = {isa = PBXFileReference; lastKnownFileType = sourcecode.swift; path = UserFirebase.swift; sourceTree = "<group>"; };
		1A2CD8F62B02143300FE3D47 /* UserAuth.swift */ = {isa = PBXFileReference; lastKnownFileType = sourcecode.swift; path = UserAuth.swift; sourceTree = "<group>"; };
		1A2CD8F82B021F6B00FE3D47 /* TextFieldLogin.swift */ = {isa = PBXFileReference; lastKnownFileType = sourcecode.swift; path = TextFieldLogin.swift; sourceTree = "<group>"; };
		1A2CD8FB2B022CD300FE3D47 /* P2PView.swift */ = {isa = PBXFileReference; lastKnownFileType = sourcecode.swift; path = P2PView.swift; sourceTree = "<group>"; };
		1A415E722B030CF5009A004A /* NFTDetailView.swift */ = {isa = PBXFileReference; lastKnownFileType = sourcecode.swift; path = NFTDetailView.swift; sourceTree = "<group>"; };
		1A415E7B2B048778009A004A /* CoinDetailView.swift */ = {isa = PBXFileReference; lastKnownFileType = sourcecode.swift; path = CoinDetailView.swift; sourceTree = "<group>"; };
		1A415E7D2B066FCA009A004A /* CustomSliderView.swift */ = {isa = PBXFileReference; lastKnownFileType = sourcecode.swift; path = CustomSliderView.swift; sourceTree = "<group>"; };
		1A415E7F2B07551D009A004A /* CoinViewModel.swift */ = {isa = PBXFileReference; lastKnownFileType = sourcecode.swift; path = CoinViewModel.swift; sourceTree = "<group>"; };
		1A4827A92AF39A4300DDCC81 /* Coordinator.swift */ = {isa = PBXFileReference; lastKnownFileType = sourcecode.swift; path = Coordinator.swift; sourceTree = "<group>"; };
		1A4827AB2AF39B5400DDCC81 /* AppDelegate.swift */ = {isa = PBXFileReference; lastKnownFileType = sourcecode.swift; path = AppDelegate.swift; sourceTree = "<group>"; };
		1A4827AF2AF39E8E00DDCC81 /* SceneDelegate.swift */ = {isa = PBXFileReference; lastKnownFileType = sourcecode.swift; path = SceneDelegate.swift; sourceTree = "<group>"; };
		1A4827B12AF3A22900DDCC81 /* AppRouter.swift */ = {isa = PBXFileReference; lastKnownFileType = sourcecode.swift; path = AppRouter.swift; sourceTree = "<group>"; };
		1A4827B52AF3EC4700DDCC81 /* UINavigation+.swift */ = {isa = PBXFileReference; lastKnownFileType = sourcecode.swift; path = "UINavigation+.swift"; sourceTree = "<group>"; };
		1A4827B72AF4921000DDCC81 /* WithdrawViewExtDeposit.swift */ = {isa = PBXFileReference; lastKnownFileType = sourcecode.swift; path = WithdrawViewExtDeposit.swift; sourceTree = "<group>"; };
		1A4827BA2AF4A17B00DDCC81 /* PersonalView.swift */ = {isa = PBXFileReference; lastKnownFileType = sourcecode.swift; path = PersonalView.swift; sourceTree = "<group>"; };
		1A4827BC2AF4E24100DDCC81 /* PersonalLineChart.swift */ = {isa = PBXFileReference; lastKnownFileType = sourcecode.swift; path = PersonalLineChart.swift; sourceTree = "<group>"; };
		1A4827C02AF7648D00DDCC81 /* CoreDataController.swift */ = {isa = PBXFileReference; lastKnownFileType = sourcecode.swift; path = CoreDataController.swift; sourceTree = "<group>"; };
		1A4827C22AF7E1DB00DDCC81 /* PersonalViewModel.swift */ = {isa = PBXFileReference; lastKnownFileType = sourcecode.swift; path = PersonalViewModel.swift; sourceTree = "<group>"; };
		1A4827C42AF8816200DDCC81 /* PersonalPieChart.swift */ = {isa = PBXFileReference; lastKnownFileType = sourcecode.swift; path = PersonalPieChart.swift; sourceTree = "<group>"; };
		1A4827C62AF8E96E00DDCC81 /* Info.plist */ = {isa = PBXFileReference; lastKnownFileType = text.plist; path = Info.plist; sourceTree = "<group>"; };
		1A4E50232B1F2BC800CCFC39 /* CameraViewController.swift */ = {isa = PBXFileReference; lastKnownFileType = sourcecode.swift; path = CameraViewController.swift; sourceTree = "<group>"; };
		1A4E50252B1F2DD500CCFC39 /* CameraView.swift */ = {isa = PBXFileReference; lastKnownFileType = sourcecode.swift; path = CameraView.swift; sourceTree = "<group>"; };
		1A5895102B13BDEB00A4AE39 /* AfterScan.swift */ = {isa = PBXFileReference; lastKnownFileType = sourcecode.swift; path = AfterScan.swift; sourceTree = "<group>"; };
		1A5895122B158C1600A4AE39 /* Date+.swift */ = {isa = PBXFileReference; lastKnownFileType = sourcecode.swift; path = "Date+.swift"; sourceTree = "<group>"; };
		1A5895142B158C4D00A4AE39 /* DetailCoin.swift */ = {isa = PBXFileReference; lastKnownFileType = sourcecode.swift; path = DetailCoin.swift; sourceTree = "<group>"; };
		1A5895182B15A43A00A4AE39 /* CodeScannerView.swift */ = {isa = PBXFileReference; lastKnownFileType = sourcecode.swift; path = CodeScannerView.swift; sourceTree = "<group>"; };
		1A5FBA3C2AD40D0500BD339A /* HistoryHeaderView.swift */ = {isa = PBXFileReference; lastKnownFileType = sourcecode.swift; path = HistoryHeaderView.swift; sourceTree = "<group>"; };
		1A5FBA3E2AD40D5E00BD339A /* SearchField.swift */ = {isa = PBXFileReference; lastKnownFileType = sourcecode.swift; path = SearchField.swift; sourceTree = "<group>"; };
		1A5FBA402AD40D9E00BD339A /* FilterAndDatePicker.swift */ = {isa = PBXFileReference; lastKnownFileType = sourcecode.swift; path = FilterAndDatePicker.swift; sourceTree = "<group>"; };
		1A5FBA422AD40DE400BD339A /* ListCoinPageView.swift */ = {isa = PBXFileReference; lastKnownFileType = sourcecode.swift; path = ListCoinPageView.swift; sourceTree = "<group>"; };
		1A609A582AE6C6940089C8FF /* Buy.swift */ = {isa = PBXFileReference; lastKnownFileType = sourcecode.swift; path = Buy.swift; sourceTree = "<group>"; };
		1A609A5A2AE6D0390089C8FF /* HomeViewModel.swift */ = {isa = PBXFileReference; lastKnownFileType = sourcecode.swift; path = HomeViewModel.swift; sourceTree = "<group>"; };
		1A609A632AE8D1600089C8FF /* WithdrawView.swift */ = {isa = PBXFileReference; lastKnownFileType = sourcecode.swift; path = WithdrawView.swift; sourceTree = "<group>"; };
		1A6852382B0C9CD90048A33B /* CoinCandleStickChart.swift */ = {isa = PBXFileReference; lastKnownFileType = sourcecode.swift; path = CoinCandleStickChart.swift; sourceTree = "<group>"; };
		1A70C65C2B15E15F008562E3 /* ScannerMainViewController.swift */ = {isa = PBXFileReference; lastKnownFileType = sourcecode.swift; path = ScannerMainViewController.swift; sourceTree = "<group>"; };
		1A70C65D2B15E15F008562E3 /* ScannerMainViewController.xib */ = {isa = PBXFileReference; lastKnownFileType = file.xib; path = ScannerMainViewController.xib; sourceTree = "<group>"; };
		1A747ED22AFC7824006BF445 /* CoinInfo.swift */ = {isa = PBXFileReference; lastKnownFileType = sourcecode.swift; path = CoinInfo.swift; sourceTree = "<group>"; };
		1A747ED42AFC7DA8006BF445 /* AssetPlatform.swift */ = {isa = PBXFileReference; lastKnownFileType = sourcecode.swift; path = AssetPlatform.swift; sourceTree = "<group>"; };
		1A747ED62AFC8064006BF445 /* NFTInfo.swift */ = {isa = PBXFileReference; lastKnownFileType = sourcecode.swift; path = NFTInfo.swift; sourceTree = "<group>"; };
		1A747ED82AFC83D5006BF445 /* NFT.swift */ = {isa = PBXFileReference; lastKnownFileType = sourcecode.swift; path = NFT.swift; sourceTree = "<group>"; };
		1A81468D2B16D0BC004B2B62 /* ExchangeRate.swift */ = {isa = PBXFileReference; lastKnownFileType = sourcecode.swift; path = ExchangeRate.swift; sourceTree = "<group>"; };
		1A8146902B16D4E1004B2B62 /* ExchangeView.swift */ = {isa = PBXFileReference; lastKnownFileType = sourcecode.swift; path = ExchangeView.swift; sourceTree = "<group>"; };
		1A8146922B16E8FE004B2B62 /* ExchangeViewModel.swift */ = {isa = PBXFileReference; lastKnownFileType = sourcecode.swift; path = ExchangeViewModel.swift; sourceTree = "<group>"; };
		1A86CBFD2ACD046800CDD0B5 /* MainTabBar.swift */ = {isa = PBXFileReference; lastKnownFileType = sourcecode.swift; path = MainTabBar.swift; sourceTree = "<group>"; };
		1A86CC012ACD053400CDD0B5 /* IconInCircleView.swift */ = {isa = PBXFileReference; lastKnownFileType = sourcecode.swift; path = IconInCircleView.swift; sourceTree = "<group>"; };
		1A86CC0A2ACE5D5100CDD0B5 /* Home.swift */ = {isa = PBXFileReference; lastKnownFileType = sourcecode.swift; path = Home.swift; sourceTree = "<group>"; };
		1A86CC0C2ACE70DC00CDD0B5 /* HomeHeaderView.swift */ = {isa = PBXFileReference; lastKnownFileType = sourcecode.swift; path = HomeHeaderView.swift; sourceTree = "<group>"; };
		1A86CC0E2ACE711900CDD0B5 /* CategoryListView.swift */ = {isa = PBXFileReference; lastKnownFileType = sourcecode.swift; path = CategoryListView.swift; sourceTree = "<group>"; };
		1A86CC102ACE712C00CDD0B5 /* CreditCardView.swift */ = {isa = PBXFileReference; lastKnownFileType = sourcecode.swift; path = CreditCardView.swift; sourceTree = "<group>"; };
		1A86CC122ACE714400CDD0B5 /* MyAssetsView.swift */ = {isa = PBXFileReference; lastKnownFileType = sourcecode.swift; path = MyAssetsView.swift; sourceTree = "<group>"; };
		1A86CC152ACE8CF000CDD0B5 /* API.swift */ = {isa = PBXFileReference; lastKnownFileType = sourcecode.swift; path = API.swift; sourceTree = "<group>"; };
		1A86CC172ACE8DE300CDD0B5 /* APICaller.swift */ = {isa = PBXFileReference; lastKnownFileType = sourcecode.swift; path = APICaller.swift; sourceTree = "<group>"; };
		1A86CC1A2ACE9BC300CDD0B5 /* CoinMarket.swift */ = {isa = PBXFileReference; lastKnownFileType = sourcecode.swift; path = CoinMarket.swift; sourceTree = "<group>"; };
		1A86CC1C2ACEA09600CDD0B5 /* CoinMarketParam.swift */ = {isa = PBXFileReference; lastKnownFileType = sourcecode.swift; path = CoinMarketParam.swift; sourceTree = "<group>"; };
		1A86CC1E2ACEADE900CDD0B5 /* CoinCard.swift */ = {isa = PBXFileReference; lastKnownFileType = sourcecode.swift; path = CoinCard.swift; sourceTree = "<group>"; };
		1AB67C762AF8F25600AC77AB /* Launch Screen.storyboard */ = {isa = PBXFileReference; lastKnownFileType = file.storyboard; path = "Launch Screen.storyboard"; sourceTree = "<group>"; };
		1AB67C792AF8F79D00AC77AB /* OnboardingView.swift */ = {isa = PBXFileReference; lastKnownFileType = sourcecode.swift; path = OnboardingView.swift; sourceTree = "<group>"; };
		1AB67C7C2AFA9EDB00AC77AB /* LoginView.swift */ = {isa = PBXFileReference; lastKnownFileType = sourcecode.swift; path = LoginView.swift; sourceTree = "<group>"; };
		1AB6AC262ACC1B1700A0A6E2 /* CryptoTracking.app */ = {isa = PBXFileReference; explicitFileType = wrapper.application; includeInIndex = 0; path = CryptoTracking.app; sourceTree = BUILT_PRODUCTS_DIR; };
		1AB6AC2B2ACC1B1700A0A6E2 /* ContentView.swift */ = {isa = PBXFileReference; lastKnownFileType = sourcecode.swift; path = ContentView.swift; sourceTree = "<group>"; };
		1AB6AC2D2ACC1B1A00A0A6E2 /* Assets.xcassets */ = {isa = PBXFileReference; lastKnownFileType = folder.assetcatalog; path = Assets.xcassets; sourceTree = "<group>"; };
		1AB6AC302ACC1B1A00A0A6E2 /* Preview Assets.xcassets */ = {isa = PBXFileReference; lastKnownFileType = folder.assetcatalog; path = "Preview Assets.xcassets"; sourceTree = "<group>"; };
		1AB6AC352ACC1B1A00A0A6E2 /* CryptoTracking.xcdatamodel */ = {isa = PBXFileReference; lastKnownFileType = wrapper.xcdatamodel; path = CryptoTracking.xcdatamodel; sourceTree = "<group>"; };
		1AB6AC3D2ACC1C6C00A0A6E2 /* Color+.swift */ = {isa = PBXFileReference; lastKnownFileType = sourcecode.swift; path = "Color+.swift"; sourceTree = "<group>"; };
		1AB6AC412ACC1F0400A0A6E2 /* HomeView.swift */ = {isa = PBXFileReference; lastKnownFileType = sourcecode.swift; path = HomeView.swift; sourceTree = "<group>"; };
		1AB6AC432ACC1FB000A0A6E2 /* HistoryView.swift */ = {isa = PBXFileReference; lastKnownFileType = sourcecode.swift; path = HistoryView.swift; sourceTree = "<group>"; };
		1AB6AC452ACC204800A0A6E2 /* QrView.swift */ = {isa = PBXFileReference; lastKnownFileType = sourcecode.swift; path = QrView.swift; sourceTree = "<group>"; };
		1AB6AC472ACC207600A0A6E2 /* NFTView.swift */ = {isa = PBXFileReference; lastKnownFileType = sourcecode.swift; path = NFTView.swift; sourceTree = "<group>"; };
		1AB6AC492ACC208000A0A6E2 /* SettingView.swift */ = {isa = PBXFileReference; lastKnownFileType = sourcecode.swift; path = SettingView.swift; sourceTree = "<group>"; };
		1AB6AC4B2ACD02E000A0A6E2 /* TabBarCustom.swift */ = {isa = PBXFileReference; lastKnownFileType = sourcecode.swift; path = TabBarCustom.swift; sourceTree = "<group>"; };
		1ABD4DFE2B19C218003FD835 /* ArticleView.swift */ = {isa = PBXFileReference; lastKnownFileType = sourcecode.swift; path = ArticleView.swift; sourceTree = "<group>"; };
		1ABD4E012B1DDB33003FD835 /* KYCView.swift */ = {isa = PBXFileReference; lastKnownFileType = sourcecode.swift; path = KYCView.swift; sourceTree = "<group>"; };
		1AC411BC2B124E8D002E9A1B /* NewsViewModel.swift */ = {isa = PBXFileReference; lastKnownFileType = sourcecode.swift; path = NewsViewModel.swift; sourceTree = "<group>"; };
		1AC411BE2B12E614002E9A1B /* NewsDetailView.swift */ = {isa = PBXFileReference; lastKnownFileType = sourcecode.swift; path = NewsDetailView.swift; sourceTree = "<group>"; };
		1AD2BFB62AE2EA0A006711FB /* String+.swift */ = {isa = PBXFileReference; lastKnownFileType = sourcecode.swift; path = "String+.swift"; sourceTree = "<group>"; };
		1AD2BFB82AE403EA006711FB /* Double+.swift */ = {isa = PBXFileReference; lastKnownFileType = sourcecode.swift; path = "Double+.swift"; sourceTree = "<group>"; };
		1AD2BFBA2AE42D82006711FB /* MarketViewModel.swift */ = {isa = PBXFileReference; lastKnownFileType = sourcecode.swift; path = MarketViewModel.swift; sourceTree = "<group>"; };
		1AD2BFBD2AE43F34006711FB /* CoinDataService.swift */ = {isa = PBXFileReference; lastKnownFileType = sourcecode.swift; path = CoinDataService.swift; sourceTree = "<group>"; };
		1AD2DAE62AFDE6410077C5F8 /* NFTViewModel.swift */ = {isa = PBXFileReference; lastKnownFileType = sourcecode.swift; path = NFTViewModel.swift; sourceTree = "<group>"; };
		1AE1AF692AEBC0E0002AAC7D /* View+.swift */ = {isa = PBXFileReference; lastKnownFileType = sourcecode.swift; path = "View+.swift"; sourceTree = "<group>"; };
		1AE1AF6B2AEF4227002AAC7D /* BottomSheetCustom.swift */ = {isa = PBXFileReference; lastKnownFileType = sourcecode.swift; path = BottomSheetCustom.swift; sourceTree = "<group>"; };
		1AE1AF6D2AF1578B002AAC7D /* WithDrawViewExt.swift */ = {isa = PBXFileReference; lastKnownFileType = sourcecode.swift; path = WithDrawViewExt.swift; sourceTree = "<group>"; };
		1AE1AF6F2AF206EF002AAC7D /* Withdraw.swift */ = {isa = PBXFileReference; lastKnownFileType = sourcecode.swift; path = Withdraw.swift; sourceTree = "<group>"; };
		1AE1AF712AF20727002AAC7D /* CustomTextField.swift */ = {isa = PBXFileReference; lastKnownFileType = sourcecode.swift; path = CustomTextField.swift; sourceTree = "<group>"; };
		1AE4418C2B077669002E4140 /* RotationBanner.swift */ = {isa = PBXFileReference; lastKnownFileType = sourcecode.swift; path = RotationBanner.swift; sourceTree = "<group>"; };
		C619D60CF08B99556D19B6A3 /* Pods-CryptoTracking.release.xcconfig */ = {isa = PBXFileReference; includeInIndex = 1; lastKnownFileType = text.xcconfig; name = "Pods-CryptoTracking.release.xcconfig"; path = "Target Support Files/Pods-CryptoTracking/Pods-CryptoTracking.release.xcconfig"; sourceTree = "<group>"; };
		CFCACD21C7DFC2B17676327E /* Pods_CryptoTracking.framework */ = {isa = PBXFileReference; explicitFileType = wrapper.framework; includeInIndex = 0; path = Pods_CryptoTracking.framework; sourceTree = BUILT_PRODUCTS_DIR; };
		D97D88B6BAE69516DB94387F /* Pods-CryptoTracking.debug.xcconfig */ = {isa = PBXFileReference; includeInIndex = 1; lastKnownFileType = text.xcconfig; name = "Pods-CryptoTracking.debug.xcconfig"; path = "Target Support Files/Pods-CryptoTracking/Pods-CryptoTracking.debug.xcconfig"; sourceTree = "<group>"; };
/* End PBXFileReference section */

/* Begin PBXFrameworksBuildPhase section */
		1AB6AC232ACC1B1700A0A6E2 /* Frameworks */ = {
			isa = PBXFrameworksBuildPhase;
			buildActionMask = 2147483647;
			files = (
				1A86CC082ACD4B8B00CDD0B5 /* PureSwiftUI in Frameworks */,
				2B1E8F552F975F14C2C05FCA /* Pods_CryptoTracking.framework in Frameworks */,
				1A4827A62AF3924100DDCC81 /* SwiftUINavigation in Frameworks */,
			);
			runOnlyForDeploymentPostprocessing = 0;
		};
/* End PBXFrameworksBuildPhase section */

/* Begin PBXGroup section */
		1A2777F42B0F2DF6003732ED /* NewsView */ = {
			isa = PBXGroup;
			children = (
				1A2777F52B0F2E11003732ED /* NewsView.swift */,
				1AC411BC2B124E8D002E9A1B /* NewsViewModel.swift */,
				1AC411BE2B12E614002E9A1B /* NewsDetailView.swift */,
				1ABD4DFE2B19C218003FD835 /* ArticleView.swift */,
			);
			path = NewsView;
			sourceTree = "<group>";
		};
		1A2A2AA52AD92D48003AAFA1 /* MarketView */ = {
			isa = PBXGroup;
			children = (
				1A2A2AA62AD92D64003AAFA1 /* MarketView.swift */,
				1AD2BFBA2AE42D82006711FB /* MarketViewModel.swift */,
			);
			path = MarketView;
			sourceTree = "<group>";
		};
		1A2CD8F32B01DB2F00FE3D47 /* Firebase */ = {
			isa = PBXGroup;
			children = (
				1A2CD8F42B01DB4900FE3D47 /* UserFirebase.swift */,
				1A2CD8F62B02143300FE3D47 /* UserAuth.swift */,
			);
			path = Firebase;
			sourceTree = "<group>";
		};
		1A2CD8FA2B022CB700FE3D47 /* P2PView */ = {
			isa = PBXGroup;
			children = (
				1A2CD8FB2B022CD300FE3D47 /* P2PView.swift */,
			);
			path = P2PView;
			sourceTree = "<group>";
		};
		1A415E712B030CDF009A004A /* NFTViewDetail */ = {
			isa = PBXGroup;
			children = (
				1A415E722B030CF5009A004A /* NFTDetailView.swift */,
			);
			path = NFTViewDetail;
			sourceTree = "<group>";
		};
		1A415E7A2B04874F009A004A /* CoinDetailView */ = {
			isa = PBXGroup;
			children = (
				1A6852372B0C94B00048A33B /* CoinDetailChart */,
				1A415E7B2B048778009A004A /* CoinDetailView.swift */,
				1A415E7F2B07551D009A004A /* CoinViewModel.swift */,
			);
			path = CoinDetailView;
			sourceTree = "<group>";
		};
		1A4827A72AF399C700DDCC81 /* App */ = {
			isa = PBXGroup;
			children = (
				1AB6AC2B2ACC1B1700A0A6E2 /* ContentView.swift */,
				1A4827AB2AF39B5400DDCC81 /* AppDelegate.swift */,
				1A4827AF2AF39E8E00DDCC81 /* SceneDelegate.swift */,
			);
			path = App;
			sourceTree = "<group>";
		};
		1A4827A82AF399E500DDCC81 /* Coordinator */ = {
			isa = PBXGroup;
			children = (
				1A4827B12AF3A22900DDCC81 /* AppRouter.swift */,
				1A4827A92AF39A4300DDCC81 /* Coordinator.swift */,
			);
			path = Coordinator;
			sourceTree = "<group>";
		};
		1A4827B92AF4A15A00DDCC81 /* PersonalView */ = {
			isa = PBXGroup;
			children = (
				1A4827BA2AF4A17B00DDCC81 /* PersonalView.swift */,
				1A4827BC2AF4E24100DDCC81 /* PersonalLineChart.swift */,
				1A4827C22AF7E1DB00DDCC81 /* PersonalViewModel.swift */,
				1A4827C42AF8816200DDCC81 /* PersonalPieChart.swift */,
			);
			path = PersonalView;
			sourceTree = "<group>";
		};
		1A4827BE2AF7646900DDCC81 /* Data */ = {
			isa = PBXGroup;
			children = (
				1A4827BF2AF7647500DDCC81 /* Local */,
				1A86CC142ACE8CD100CDD0B5 /* Network */,
			);
			path = Data;
			sourceTree = "<group>";
		};
		1A4827BF2AF7647500DDCC81 /* Local */ = {
			isa = PBXGroup;
			children = (
				1A4827C02AF7648D00DDCC81 /* CoreDataController.swift */,
			);
			path = Local;
			sourceTree = "<group>";
		};
		1A5FBA3A2AD40B5900BD339A /* History */ = {
			isa = PBXGroup;
			children = (
				1A5FBA3B2AD40BB500BD339A /* HistoryContentView */,
				1AB6AC432ACC1FB000A0A6E2 /* HistoryView.swift */,
			);
			path = History;
			sourceTree = "<group>";
		};
		1A5FBA3B2AD40BB500BD339A /* HistoryContentView */ = {
			isa = PBXGroup;
			children = (
				1A5FBA3C2AD40D0500BD339A /* HistoryHeaderView.swift */,
			);
			path = HistoryContentView;
			sourceTree = "<group>";
		};
		1A609A5D2AE7DA870089C8FF /* QrView */ = {
			isa = PBXGroup;
			children = (
				1AB6AC452ACC204800A0A6E2 /* QrView.swift */,
				1A5895102B13BDEB00A4AE39 /* AfterScan.swift */,
				1A5895182B15A43A00A4AE39 /* CodeScannerView.swift */,
				1A70C65C2B15E15F008562E3 /* ScannerMainViewController.swift */,
				1A70C65D2B15E15F008562E3 /* ScannerMainViewController.xib */,
			);
			path = QrView;
			sourceTree = "<group>";
		};
		1A609A622AE8D1490089C8FF /* WithdrawView */ = {
			isa = PBXGroup;
			children = (
				1A609A632AE8D1600089C8FF /* WithdrawView.swift */,
				1AE1AF6D2AF1578B002AAC7D /* WithDrawViewExt.swift */,
				1A4827B72AF4921000DDCC81 /* WithdrawViewExtDeposit.swift */,
			);
			path = WithdrawView;
			sourceTree = "<group>";
		};
		1A6852372B0C94B00048A33B /* CoinDetailChart */ = {
			isa = PBXGroup;
			children = (
				1A6852382B0C9CD90048A33B /* CoinCandleStickChart.swift */,
			);
			path = CoinDetailChart;
			sourceTree = "<group>";
		};
		1A747ED12AFC7664006BF445 /* Parameter */ = {
			isa = PBXGroup;
			children = (
				1A86CC1C2ACEA09600CDD0B5 /* CoinMarketParam.swift */,
			);
			path = Parameter;
			sourceTree = "<group>";
		};
		1A81468F2B16D4B6004B2B62 /* ExchangeView */ = {
			isa = PBXGroup;
			children = (
				1A8146902B16D4E1004B2B62 /* ExchangeView.swift */,
				1A8146922B16E8FE004B2B62 /* ExchangeViewModel.swift */,
			);
			path = ExchangeView;
			sourceTree = "<group>";
		};
		1A86CBFC2ACD044F00CDD0B5 /* Enum */ = {
			isa = PBXGroup;
			children = (
				1A86CBFD2ACD046800CDD0B5 /* MainTabBar.swift */,
				1A86CC0A2ACE5D5100CDD0B5 /* Home.swift */,
				1A86CC152ACE8CF000CDD0B5 /* API.swift */,
				1A2A2AA12AD8F546003AAFA1 /* Setting.swift */,
				1A609A582AE6C6940089C8FF /* Buy.swift */,
				1AE1AF6F2AF206EF002AAC7D /* Withdraw.swift */,
				1A5895142B158C4D00A4AE39 /* DetailCoin.swift */,
			);
			path = Enum;
			sourceTree = "<group>";
		};
		1A86CC002ACD04BC00CDD0B5 /* Component */ = {
			isa = PBXGroup;
			children = (
				1A86CC012ACD053400CDD0B5 /* IconInCircleView.swift */,
				1A86CC1E2ACEADE900CDD0B5 /* CoinCard.swift */,
				1A5FBA3E2AD40D5E00BD339A /* SearchField.swift */,
				1A5FBA402AD40D9E00BD339A /* FilterAndDatePicker.swift */,
				1A5FBA422AD40DE400BD339A /* ListCoinPageView.swift */,
				1AE1AF6B2AEF4227002AAC7D /* BottomSheetCustom.swift */,
				1AE1AF712AF20727002AAC7D /* CustomTextField.swift */,
				1A2CD8ED2AFE3C9B00FE3D47 /* LoadingView.swift */,
				1A2CD8F82B021F6B00FE3D47 /* TextFieldLogin.swift */,
				1A415E7D2B066FCA009A004A /* CustomSliderView.swift */,
				1AE4418C2B077669002E4140 /* RotationBanner.swift */,
			);
			path = Component;
			sourceTree = "<group>";
		};
		1A86CC032ACD1D7E00CDD0B5 /* Home */ = {
			isa = PBXGroup;
			children = (
				1A86CC092ACE5D0E00CDD0B5 /* HomeContentView */,
				1AB6AC412ACC1F0400A0A6E2 /* HomeView.swift */,
				1A609A5A2AE6D0390089C8FF /* HomeViewModel.swift */,
			);
			path = Home;
			sourceTree = "<group>";
		};
		1A86CC092ACE5D0E00CDD0B5 /* HomeContentView */ = {
			isa = PBXGroup;
			children = (
				1A86CC0C2ACE70DC00CDD0B5 /* HomeHeaderView.swift */,
				1A86CC0E2ACE711900CDD0B5 /* CategoryListView.swift */,
				1A86CC102ACE712C00CDD0B5 /* CreditCardView.swift */,
				1A86CC122ACE714400CDD0B5 /* MyAssetsView.swift */,
			);
			path = HomeContentView;
			sourceTree = "<group>";
		};
		1A86CC142ACE8CD100CDD0B5 /* Network */ = {
			isa = PBXGroup;
			children = (
				1A2CD8F32B01DB2F00FE3D47 /* Firebase */,
				1A86CC172ACE8DE300CDD0B5 /* APICaller.swift */,
				1A2A2AA82AD92FDA003AAFA1 /* LoadImage.swift */,
				1A2777F92B0F3794003732ED /* EndPoint.swift */,
			);
			path = Network;
			sourceTree = "<group>";
		};
		1A86CC192ACE9AAF00CDD0B5 /* Model */ = {
			isa = PBXGroup;
			children = (
				1A747ED12AFC7664006BF445 /* Parameter */,
				1A86CC1A2ACE9BC300CDD0B5 /* CoinMarket.swift */,
				1A747ED22AFC7824006BF445 /* CoinInfo.swift */,
				1A747ED42AFC7DA8006BF445 /* AssetPlatform.swift */,
				1A747ED62AFC8064006BF445 /* NFTInfo.swift */,
				1A747ED82AFC83D5006BF445 /* NFT.swift */,
				1A2777F72B0F3651003732ED /* News.swift */,
				1A2777FB2B0F40E2003732ED /* Article.swift */,
				1A81468D2B16D0BC004B2B62 /* ExchangeRate.swift */,
			);
			path = Model;
			sourceTree = "<group>";
		};
		1AB67C782AF8F78700AC77AB /* OnboardingView */ = {
			isa = PBXGroup;
			children = (
				1AB67C792AF8F79D00AC77AB /* OnboardingView.swift */,
			);
			path = OnboardingView;
			sourceTree = "<group>";
		};
		1AB67C7B2AFA9EC600AC77AB /* LoginView */ = {
			isa = PBXGroup;
			children = (
				1AB67C7C2AFA9EDB00AC77AB /* LoginView.swift */,
			);
			path = LoginView;
			sourceTree = "<group>";
		};
		1AB6AC1D2ACC1B1700A0A6E2 = {
			isa = PBXGroup;
			children = (
				1AB6AC282ACC1B1700A0A6E2 /* CryptoTracking */,
				1AB6AC272ACC1B1700A0A6E2 /* Products */,
				FC91D002DF872D32ECE82CF1 /* Pods */,
				AF0A78CE455153FB9D20BEE5 /* Frameworks */,
			);
			sourceTree = "<group>";
		};
		1AB6AC272ACC1B1700A0A6E2 /* Products */ = {
			isa = PBXGroup;
			children = (
				1AB6AC262ACC1B1700A0A6E2 /* CryptoTracking.app */,
			);
			name = Products;
			sourceTree = "<group>";
		};
		1AB6AC282ACC1B1700A0A6E2 /* CryptoTracking */ = {
			isa = PBXGroup;
			children = (
				1A2CD8F12B01CD9D00FE3D47 /* GoogleService-Info.plist */,
				1A4827C62AF8E96E00DDCC81 /* Info.plist */,
				1A4827BE2AF7646900DDCC81 /* Data */,
				1A4827A82AF399E500DDCC81 /* Coordinator */,
				1A4827A72AF399C700DDCC81 /* App */,
				1AD2BFBC2AE43EF3006711FB /* Service */,
				1A86CC192ACE9AAF00CDD0B5 /* Model */,
				1A86CBFC2ACD044F00CDD0B5 /* Enum */,
				1AB6AC3F2ACC1D9200A0A6E2 /* View */,
				1AB6AC3C2ACC1C5600A0A6E2 /* Extension */,
				1AB6AC2D2ACC1B1A00A0A6E2 /* Assets.xcassets */,
				1AB6AC342ACC1B1A00A0A6E2 /* CryptoTracking.xcdatamodeld */,
				1AB6AC2F2ACC1B1A00A0A6E2 /* Preview Content */,
			);
			path = CryptoTracking;
			sourceTree = "<group>";
		};
		1AB6AC2F2ACC1B1A00A0A6E2 /* Preview Content */ = {
			isa = PBXGroup;
			children = (
				1AB6AC302ACC1B1A00A0A6E2 /* Preview Assets.xcassets */,
			);
			path = "Preview Content";
			sourceTree = "<group>";
		};
		1AB6AC3C2ACC1C5600A0A6E2 /* Extension */ = {
			isa = PBXGroup;
			children = (
				1AB6AC3D2ACC1C6C00A0A6E2 /* Color+.swift */,
				1A2A2AA32AD92631003AAFA1 /* PreviewProvider+.swift */,
				1AD2BFB62AE2EA0A006711FB /* String+.swift */,
				1AD2BFB82AE403EA006711FB /* Double+.swift */,
				1AE1AF692AEBC0E0002AAC7D /* View+.swift */,
				1A4827B52AF3EC4700DDCC81 /* UINavigation+.swift */,
				1A5895122B158C1600A4AE39 /* Date+.swift */,
			);
			path = Extension;
			sourceTree = "<group>";
		};
		1AB6AC3F2ACC1D9200A0A6E2 /* View */ = {
			isa = PBXGroup;
			children = (
				1ABD4E002B1DDB1C003FD835 /* KYCView */,
				1A81468F2B16D4B6004B2B62 /* ExchangeView */,
				1A2777F42B0F2DF6003732ED /* NewsView */,
				1A415E7A2B04874F009A004A /* CoinDetailView */,
				1A2CD8FA2B022CB700FE3D47 /* P2PView */,
				1AB67C7B2AFA9EC600AC77AB /* LoginView */,
				1AB67C782AF8F78700AC77AB /* OnboardingView */,
				1A4827B92AF4A15A00DDCC81 /* PersonalView */,
				1A609A622AE8D1490089C8FF /* WithdrawView */,
				1A2A2AA52AD92D48003AAFA1 /* MarketView */,
				1A86CC002ACD04BC00CDD0B5 /* Component */,
				1AB6AC402ACC1EBD00A0A6E2 /* Main */,
			);
			path = View;
			sourceTree = "<group>";
		};
		1AB6AC402ACC1EBD00A0A6E2 /* Main */ = {
			isa = PBXGroup;
			children = (
				1AD2DAE52AFDE62B0077C5F8 /* NFTView */,
				1A609A5D2AE7DA870089C8FF /* QrView */,
				1A5FBA3A2AD40B5900BD339A /* History */,
				1A86CC032ACD1D7E00CDD0B5 /* Home */,
				1AB6AC492ACC208000A0A6E2 /* SettingView.swift */,
				1AB6AC4B2ACD02E000A0A6E2 /* TabBarCustom.swift */,
				1AB67C762AF8F25600AC77AB /* Launch Screen.storyboard */,
			);
			path = Main;
			sourceTree = "<group>";
		};
		1ABD4E002B1DDB1C003FD835 /* KYCView */ = {
			isa = PBXGroup;
			children = (
				1ABD4E012B1DDB33003FD835 /* KYCView.swift */,
				1A4E50232B1F2BC800CCFC39 /* CameraViewController.swift */,
				1A4E50252B1F2DD500CCFC39 /* CameraView.swift */,
			);
			path = KYCView;
			sourceTree = "<group>";
		};
		1AD2BFBC2AE43EF3006711FB /* Service */ = {
			isa = PBXGroup;
			children = (
				1AD2BFBD2AE43F34006711FB /* CoinDataService.swift */,
			);
			name = Service;
			path = "Sẻcice";
			sourceTree = "<group>";
		};
		1AD2DAE52AFDE62B0077C5F8 /* NFTView */ = {
			isa = PBXGroup;
			children = (
				1A415E712B030CDF009A004A /* NFTViewDetail */,
				1AB6AC472ACC207600A0A6E2 /* NFTView.swift */,
				1AD2DAE62AFDE6410077C5F8 /* NFTViewModel.swift */,
			);
			path = NFTView;
			sourceTree = "<group>";
		};
		AF0A78CE455153FB9D20BEE5 /* Frameworks */ = {
			isa = PBXGroup;
			children = (
				CFCACD21C7DFC2B17676327E /* Pods_CryptoTracking.framework */,
			);
			name = Frameworks;
			sourceTree = "<group>";
		};
		FC91D002DF872D32ECE82CF1 /* Pods */ = {
			isa = PBXGroup;
			children = (
				D97D88B6BAE69516DB94387F /* Pods-CryptoTracking.debug.xcconfig */,
				C619D60CF08B99556D19B6A3 /* Pods-CryptoTracking.release.xcconfig */,
			);
			path = Pods;
			sourceTree = "<group>";
		};
/* End PBXGroup section */

/* Begin PBXNativeTarget section */
		1AB6AC252ACC1B1700A0A6E2 /* CryptoTracking */ = {
			isa = PBXNativeTarget;
			buildConfigurationList = 1AB6AC392ACC1B1A00A0A6E2 /* Build configuration list for PBXNativeTarget "CryptoTracking" */;
			buildPhases = (
				E63308FD6B054D0AA63671B0 /* [CP] Check Pods Manifest.lock */,
				1AB6AC222ACC1B1700A0A6E2 /* Sources */,
				1AB6AC232ACC1B1700A0A6E2 /* Frameworks */,
				1AB6AC242ACC1B1700A0A6E2 /* Resources */,
				E8179747F3D6101847392704 /* [CP] Embed Pods Frameworks */,
			);
			buildRules = (
			);
			dependencies = (
			);
			name = CryptoTracking;
			packageProductDependencies = (
				1A86CC072ACD4B8B00CDD0B5 /* PureSwiftUI */,
				1A4827A52AF3924100DDCC81 /* SwiftUINavigation */,
			);
			productName = CryptoTracking;
			productReference = 1AB6AC262ACC1B1700A0A6E2 /* CryptoTracking.app */;
			productType = "com.apple.product-type.application";
		};
/* End PBXNativeTarget section */

/* Begin PBXProject section */
		1AB6AC1E2ACC1B1700A0A6E2 /* Project object */ = {
			isa = PBXProject;
			attributes = {
				BuildIndependentTargetsInParallel = 1;
				LastSwiftUpdateCheck = 1410;
				LastUpgradeCheck = 1410;
				TargetAttributes = {
					1AB6AC252ACC1B1700A0A6E2 = {
						CreatedOnToolsVersion = 14.1;
					};
				};
			};
			buildConfigurationList = 1AB6AC212ACC1B1700A0A6E2 /* Build configuration list for PBXProject "CryptoTracking" */;
			compatibilityVersion = "Xcode 14.0";
			developmentRegion = en;
			hasScannedForEncodings = 0;
			knownRegions = (
				en,
				Base,
			);
			mainGroup = 1AB6AC1D2ACC1B1700A0A6E2;
			packageReferences = (
				1A86CC062ACD4B8B00CDD0B5 /* XCRemoteSwiftPackageReference "pure-swift-ui" */,
				1A4827A42AF3924100DDCC81 /* XCRemoteSwiftPackageReference "swiftui-navigation" */,
			);
			productRefGroup = 1AB6AC272ACC1B1700A0A6E2 /* Products */;
			projectDirPath = "";
			projectRoot = "";
			targets = (
				1AB6AC252ACC1B1700A0A6E2 /* CryptoTracking */,
			);
		};
/* End PBXProject section */

/* Begin PBXResourcesBuildPhase section */
		1AB6AC242ACC1B1700A0A6E2 /* Resources */ = {
			isa = PBXResourcesBuildPhase;
			buildActionMask = 2147483647;
			files = (
				1A70C65F2B15E15F008562E3 /* ScannerMainViewController.xib in Resources */,
				1AB67C772AF8F25600AC77AB /* Launch Screen.storyboard in Resources */,
				1A2CD8F22B01CD9D00FE3D47 /* GoogleService-Info.plist in Resources */,
				1AB6AC312ACC1B1A00A0A6E2 /* Preview Assets.xcassets in Resources */,
				1AB6AC2E2ACC1B1A00A0A6E2 /* Assets.xcassets in Resources */,
			);
			runOnlyForDeploymentPostprocessing = 0;
		};
/* End PBXResourcesBuildPhase section */

/* Begin PBXShellScriptBuildPhase section */
		E63308FD6B054D0AA63671B0 /* [CP] Check Pods Manifest.lock */ = {
			isa = PBXShellScriptBuildPhase;
			buildActionMask = 2147483647;
			files = (
			);
			inputFileListPaths = (
			);
			inputPaths = (
				"${PODS_PODFILE_DIR_PATH}/Podfile.lock",
				"${PODS_ROOT}/Manifest.lock",
			);
			name = "[CP] Check Pods Manifest.lock";
			outputFileListPaths = (
			);
			outputPaths = (
				"$(DERIVED_FILE_DIR)/Pods-CryptoTracking-checkManifestLockResult.txt",
			);
			runOnlyForDeploymentPostprocessing = 0;
			shellPath = /bin/sh;
			shellScript = "diff \"${PODS_PODFILE_DIR_PATH}/Podfile.lock\" \"${PODS_ROOT}/Manifest.lock\" > /dev/null\nif [ $? != 0 ] ; then\n    # print error to STDERR\n    echo \"error: The sandbox is not in sync with the Podfile.lock. Run 'pod install' or update your CocoaPods installation.\" >&2\n    exit 1\nfi\n# This output is used by Xcode 'outputs' to avoid re-running this script phase.\necho \"SUCCESS\" > \"${SCRIPT_OUTPUT_FILE_0}\"\n";
			showEnvVarsInLog = 0;
		};
		E8179747F3D6101847392704 /* [CP] Embed Pods Frameworks */ = {
			isa = PBXShellScriptBuildPhase;
			buildActionMask = 2147483647;
			files = (
			);
			inputFileListPaths = (
				"${PODS_ROOT}/Target Support Files/Pods-CryptoTracking/Pods-CryptoTracking-frameworks-${CONFIGURATION}-input-files.xcfilelist",
			);
			name = "[CP] Embed Pods Frameworks";
			outputFileListPaths = (
				"${PODS_ROOT}/Target Support Files/Pods-CryptoTracking/Pods-CryptoTracking-frameworks-${CONFIGURATION}-output-files.xcfilelist",
			);
			runOnlyForDeploymentPostprocessing = 0;
			shellPath = /bin/sh;
			shellScript = "\"${PODS_ROOT}/Target Support Files/Pods-CryptoTracking/Pods-CryptoTracking-frameworks.sh\"\n";
			showEnvVarsInLog = 0;
		};
/* End PBXShellScriptBuildPhase section */

/* Begin PBXSourcesBuildPhase section */
		1AB6AC222ACC1B1700A0A6E2 /* Sources */ = {
			isa = PBXSourcesBuildPhase;
			buildActionMask = 2147483647;
			files = (
				1A609A592AE6C6940089C8FF /* Buy.swift in Sources */,
				1A8146932B16E8FE004B2B62 /* ExchangeViewModel.swift in Sources */,
				1A5FBA3D2AD40D0500BD339A /* HistoryHeaderView.swift in Sources */,
				1A86CBFE2ACD046800CDD0B5 /* MainTabBar.swift in Sources */,
				1AE1AF702AF206EF002AAC7D /* Withdraw.swift in Sources */,
				1A86CC162ACE8CF000CDD0B5 /* API.swift in Sources */,
				1A5FBA412AD40D9E00BD339A /* FilterAndDatePicker.swift in Sources */,
				1A4E50262B1F2DD500CCFC39 /* CameraView.swift in Sources */,
				1A5895112B13BDEB00A4AE39 /* AfterScan.swift in Sources */,
				1AD2BFB92AE403EA006711FB /* Double+.swift in Sources */,
				1A2A2AA42AD92631003AAFA1 /* PreviewProvider+.swift in Sources */,
				1A86CC182ACE8DE300CDD0B5 /* APICaller.swift in Sources */,
				1A81468E2B16D0BC004B2B62 /* ExchangeRate.swift in Sources */,
				1A4827BD2AF4E24100DDCC81 /* PersonalLineChart.swift in Sources */,
				1A86CC1D2ACEA09600CDD0B5 /* CoinMarketParam.swift in Sources */,
				1A4E50242B1F2BC800CCFC39 /* CameraViewController.swift in Sources */,
				1A609A5B2AE6D0390089C8FF /* HomeViewModel.swift in Sources */,
				1A2777FA2B0F3794003732ED /* EndPoint.swift in Sources */,
				1A5895152B158C4D00A4AE39 /* DetailCoin.swift in Sources */,
				1A2777F62B0F2E11003732ED /* NewsView.swift in Sources */,
				1A4827C32AF7E1DB00DDCC81 /* PersonalViewModel.swift in Sources */,
				1A2CD8F92B021F6B00FE3D47 /* TextFieldLogin.swift in Sources */,
				1A747ED92AFC83D5006BF445 /* NFT.swift in Sources */,
				1A4827AC2AF39B5400DDCC81 /* AppDelegate.swift in Sources */,
				1ABD4DFF2B19C218003FD835 /* ArticleView.swift in Sources */,
				1A5FBA3F2AD40D5E00BD339A /* SearchField.swift in Sources */,
				1AB6AC4A2ACC208000A0A6E2 /* SettingView.swift in Sources */,
				1AD2BFB72AE2EA0A006711FB /* String+.swift in Sources */,
				1A4827C12AF7648D00DDCC81 /* CoreDataController.swift in Sources */,
				1AB6AC3E2ACC1C6C00A0A6E2 /* Color+.swift in Sources */,
				1AE1AF6C2AEF4227002AAC7D /* BottomSheetCustom.swift in Sources */,
				1A747ED72AFC8064006BF445 /* NFTInfo.swift in Sources */,
				1A2CD8FC2B022CD300FE3D47 /* P2PView.swift in Sources */,
				1AB6AC2C2ACC1B1700A0A6E2 /* ContentView.swift in Sources */,
				1AE4418D2B077669002E4140 /* RotationBanner.swift in Sources */,
				1AB6AC442ACC1FB000A0A6E2 /* HistoryView.swift in Sources */,
				1A415E7E2B066FCB009A004A /* CustomSliderView.swift in Sources */,
				1A2A2AA72AD92D64003AAFA1 /* MarketView.swift in Sources */,
				1A4827B82AF4921000DDCC81 /* WithdrawViewExtDeposit.swift in Sources */,
				1A2CD8EE2AFE3C9B00FE3D47 /* LoadingView.swift in Sources */,
				1A5FBA432AD40DE400BD339A /* ListCoinPageView.swift in Sources */,
				1A747ED32AFC7824006BF445 /* CoinInfo.swift in Sources */,
				1AD2BFBB2AE42D82006711FB /* MarketViewModel.swift in Sources */,
				1A86CC0F2ACE711900CDD0B5 /* CategoryListView.swift in Sources */,
				1A86CC1B2ACE9BC300CDD0B5 /* CoinMarket.swift in Sources */,
				1A747ED52AFC7DA8006BF445 /* AssetPlatform.swift in Sources */,
				1AC411BD2B124E8D002E9A1B /* NewsViewModel.swift in Sources */,
				1A86CC0D2ACE70DC00CDD0B5 /* HomeHeaderView.swift in Sources */,
				1A86CC0B2ACE5D5100CDD0B5 /* Home.swift in Sources */,
				1AB6AC422ACC1F0400A0A6E2 /* HomeView.swift in Sources */,
				1A4827BB2AF4A17B00DDCC81 /* PersonalView.swift in Sources */,
				1AD2BFBE2AE43F34006711FB /* CoinDataService.swift in Sources */,
				1ABD4E022B1DDB33003FD835 /* KYCView.swift in Sources */,
				1A4827B62AF3EC4700DDCC81 /* UINavigation+.swift in Sources */,
				1A5895132B158C1600A4AE39 /* Date+.swift in Sources */,
				1AE1AF6E2AF1578C002AAC7D /* WithDrawViewExt.swift in Sources */,
				1A2A2AA22AD8F546003AAFA1 /* Setting.swift in Sources */,
				1AB6AC462ACC204800A0A6E2 /* QrView.swift in Sources */,
				1A2777F82B0F3651003732ED /* News.swift in Sources */,
				1A8146912B16D4E1004B2B62 /* ExchangeView.swift in Sources */,
				1A86CC112ACE712C00CDD0B5 /* CreditCardView.swift in Sources */,
				1A2CD8F72B02143300FE3D47 /* UserAuth.swift in Sources */,
				1A2CD8F52B01DB4900FE3D47 /* UserFirebase.swift in Sources */,
				1AD2DAE72AFDE6410077C5F8 /* NFTViewModel.swift in Sources */,
				1A86CC1F2ACEADE900CDD0B5 /* CoinCard.swift in Sources */,
				1A4827B02AF39E8E00DDCC81 /* SceneDelegate.swift in Sources */,
				1A4827C52AF8816200DDCC81 /* PersonalPieChart.swift in Sources */,
				1AB6AC362ACC1B1A00A0A6E2 /* CryptoTracking.xcdatamodeld in Sources */,
				1A4827B22AF3A22900DDCC81 /* AppRouter.swift in Sources */,
				1A415E7C2B048778009A004A /* CoinDetailView.swift in Sources */,
				1A70C65E2B15E15F008562E3 /* ScannerMainViewController.swift in Sources */,
				1AE1AF6A2AEBC0E0002AAC7D /* View+.swift in Sources */,
				1A609A642AE8D1600089C8FF /* WithdrawView.swift in Sources */,
				1AC411BF2B12E614002E9A1B /* NewsDetailView.swift in Sources */,
				1A86CC022ACD053400CDD0B5 /* IconInCircleView.swift in Sources */,
				1A6852392B0C9CD90048A33B /* CoinCandleStickChart.swift in Sources */,
				1A4827AA2AF39A4300DDCC81 /* Coordinator.swift in Sources */,
				1AB67C7A2AF8F79D00AC77AB /* OnboardingView.swift in Sources */,
				1A86CC132ACE714400CDD0B5 /* MyAssetsView.swift in Sources */,
				1A5895192B15A43A00A4AE39 /* CodeScannerView.swift in Sources */,
				1A2777FC2B0F40E2003732ED /* Article.swift in Sources */,
				1A2A2AA92AD92FDA003AAFA1 /* LoadImage.swift in Sources */,
				1AB6AC482ACC207600A0A6E2 /* NFTView.swift in Sources */,
				1A415E802B07551D009A004A /* CoinViewModel.swift in Sources */,
				1AB67C7D2AFA9EDB00AC77AB /* LoginView.swift in Sources */,
				1A415E732B030CF5009A004A /* NFTDetailView.swift in Sources */,
				1AB6AC4C2ACD02E000A0A6E2 /* TabBarCustom.swift in Sources */,
				1AE1AF722AF20727002AAC7D /* CustomTextField.swift in Sources */,
			);
			runOnlyForDeploymentPostprocessing = 0;
		};
/* End PBXSourcesBuildPhase section */

/* Begin XCBuildConfiguration section */
		1AB6AC372ACC1B1A00A0A6E2 /* Debug */ = {
			isa = XCBuildConfiguration;
			buildSettings = {
				ALWAYS_SEARCH_USER_PATHS = NO;
				CLANG_ANALYZER_NONNULL = YES;
				CLANG_ANALYZER_NUMBER_OBJECT_CONVERSION = YES_AGGRESSIVE;
				CLANG_CXX_LANGUAGE_STANDARD = "gnu++20";
				CLANG_ENABLE_MODULES = YES;
				CLANG_ENABLE_OBJC_ARC = YES;
				CLANG_ENABLE_OBJC_WEAK = YES;
				CLANG_WARN_BLOCK_CAPTURE_AUTORELEASING = YES;
				CLANG_WARN_BOOL_CONVERSION = YES;
				CLANG_WARN_COMMA = YES;
				CLANG_WARN_CONSTANT_CONVERSION = YES;
				CLANG_WARN_DEPRECATED_OBJC_IMPLEMENTATIONS = YES;
				CLANG_WARN_DIRECT_OBJC_ISA_USAGE = YES_ERROR;
				CLANG_WARN_DOCUMENTATION_COMMENTS = YES;
				CLANG_WARN_EMPTY_BODY = YES;
				CLANG_WARN_ENUM_CONVERSION = YES;
				CLANG_WARN_INFINITE_RECURSION = YES;
				CLANG_WARN_INT_CONVERSION = YES;
				CLANG_WARN_NON_LITERAL_NULL_CONVERSION = YES;
				CLANG_WARN_OBJC_IMPLICIT_RETAIN_SELF = YES;
				CLANG_WARN_OBJC_LITERAL_CONVERSION = YES;
				CLANG_WARN_OBJC_ROOT_CLASS = YES_ERROR;
				CLANG_WARN_QUOTED_INCLUDE_IN_FRAMEWORK_HEADER = YES;
				CLANG_WARN_RANGE_LOOP_ANALYSIS = YES;
				CLANG_WARN_STRICT_PROTOTYPES = YES;
				CLANG_WARN_SUSPICIOUS_MOVE = YES;
				CLANG_WARN_UNGUARDED_AVAILABILITY = YES_AGGRESSIVE;
				CLANG_WARN_UNREACHABLE_CODE = YES;
				CLANG_WARN__DUPLICATE_METHOD_MATCH = YES;
				COPY_PHASE_STRIP = NO;
				DEBUG_INFORMATION_FORMAT = dwarf;
				ENABLE_STRICT_OBJC_MSGSEND = YES;
				ENABLE_TESTABILITY = YES;
				GCC_C_LANGUAGE_STANDARD = gnu11;
				GCC_DYNAMIC_NO_PIC = NO;
				GCC_NO_COMMON_BLOCKS = YES;
				GCC_OPTIMIZATION_LEVEL = 0;
				GCC_PREPROCESSOR_DEFINITIONS = (
					"DEBUG=1",
					"$(inherited)",
				);
				GCC_WARN_64_TO_32_BIT_CONVERSION = YES;
				GCC_WARN_ABOUT_RETURN_TYPE = YES_ERROR;
				GCC_WARN_UNDECLARED_SELECTOR = YES;
				GCC_WARN_UNINITIALIZED_AUTOS = YES_AGGRESSIVE;
				GCC_WARN_UNUSED_FUNCTION = YES;
				GCC_WARN_UNUSED_VARIABLE = YES;
				IPHONEOS_DEPLOYMENT_TARGET = 16.0;
				MTL_ENABLE_DEBUG_INFO = INCLUDE_SOURCE;
				MTL_FAST_MATH = YES;
				ONLY_ACTIVE_ARCH = YES;
				SDKROOT = iphoneos;
				SWIFT_ACTIVE_COMPILATION_CONDITIONS = DEBUG;
				SWIFT_OPTIMIZATION_LEVEL = "-Onone";
			};
			name = Debug;
		};
		1AB6AC382ACC1B1A00A0A6E2 /* Release */ = {
			isa = XCBuildConfiguration;
			buildSettings = {
				ALWAYS_SEARCH_USER_PATHS = NO;
				CLANG_ANALYZER_NONNULL = YES;
				CLANG_ANALYZER_NUMBER_OBJECT_CONVERSION = YES_AGGRESSIVE;
				CLANG_CXX_LANGUAGE_STANDARD = "gnu++20";
				CLANG_ENABLE_MODULES = YES;
				CLANG_ENABLE_OBJC_ARC = YES;
				CLANG_ENABLE_OBJC_WEAK = YES;
				CLANG_WARN_BLOCK_CAPTURE_AUTORELEASING = YES;
				CLANG_WARN_BOOL_CONVERSION = YES;
				CLANG_WARN_COMMA = YES;
				CLANG_WARN_CONSTANT_CONVERSION = YES;
				CLANG_WARN_DEPRECATED_OBJC_IMPLEMENTATIONS = YES;
				CLANG_WARN_DIRECT_OBJC_ISA_USAGE = YES_ERROR;
				CLANG_WARN_DOCUMENTATION_COMMENTS = YES;
				CLANG_WARN_EMPTY_BODY = YES;
				CLANG_WARN_ENUM_CONVERSION = YES;
				CLANG_WARN_INFINITE_RECURSION = YES;
				CLANG_WARN_INT_CONVERSION = YES;
				CLANG_WARN_NON_LITERAL_NULL_CONVERSION = YES;
				CLANG_WARN_OBJC_IMPLICIT_RETAIN_SELF = YES;
				CLANG_WARN_OBJC_LITERAL_CONVERSION = YES;
				CLANG_WARN_OBJC_ROOT_CLASS = YES_ERROR;
				CLANG_WARN_QUOTED_INCLUDE_IN_FRAMEWORK_HEADER = YES;
				CLANG_WARN_RANGE_LOOP_ANALYSIS = YES;
				CLANG_WARN_STRICT_PROTOTYPES = YES;
				CLANG_WARN_SUSPICIOUS_MOVE = YES;
				CLANG_WARN_UNGUARDED_AVAILABILITY = YES_AGGRESSIVE;
				CLANG_WARN_UNREACHABLE_CODE = YES;
				CLANG_WARN__DUPLICATE_METHOD_MATCH = YES;
				COPY_PHASE_STRIP = NO;
				DEBUG_INFORMATION_FORMAT = "dwarf-with-dsym";
				ENABLE_NS_ASSERTIONS = NO;
				ENABLE_STRICT_OBJC_MSGSEND = YES;
				GCC_C_LANGUAGE_STANDARD = gnu11;
				GCC_NO_COMMON_BLOCKS = YES;
				GCC_WARN_64_TO_32_BIT_CONVERSION = YES;
				GCC_WARN_ABOUT_RETURN_TYPE = YES_ERROR;
				GCC_WARN_UNDECLARED_SELECTOR = YES;
				GCC_WARN_UNINITIALIZED_AUTOS = YES_AGGRESSIVE;
				GCC_WARN_UNUSED_FUNCTION = YES;
				GCC_WARN_UNUSED_VARIABLE = YES;
				IPHONEOS_DEPLOYMENT_TARGET = 16.0;
				MTL_ENABLE_DEBUG_INFO = NO;
				MTL_FAST_MATH = YES;
				SDKROOT = iphoneos;
				SWIFT_COMPILATION_MODE = wholemodule;
				SWIFT_OPTIMIZATION_LEVEL = "-O";
				VALIDATE_PRODUCT = YES;
			};
			name = Release;
		};
		1AB6AC3A2ACC1B1A00A0A6E2 /* Debug */ = {
			isa = XCBuildConfiguration;
			baseConfigurationReference = D97D88B6BAE69516DB94387F /* Pods-CryptoTracking.debug.xcconfig */;
			buildSettings = {
				ASSETCATALOG_COMPILER_APPICON_NAME = AppIcon;
				ASSETCATALOG_COMPILER_GLOBAL_ACCENT_COLOR_NAME = AccentColor;
				ASSETCATALOG_COMPILER_INCLUDE_ALL_APPICON_ASSETS = YES;
				CODE_SIGN_STYLE = Automatic;
				CURRENT_PROJECT_VERSION = 1;
				DEVELOPMENT_ASSET_PATHS = "\"CryptoTracking/Preview Content\"";
				DEVELOPMENT_TEAM = BZD66Y59V5;
				ENABLE_PREVIEWS = YES;
				GENERATE_INFOPLIST_FILE = YES;
				INFOPLIST_FILE = CryptoTracking/Info.plist;
				INFOPLIST_KEY_NSCameraUsageDescription = "";
				INFOPLIST_KEY_NSFaceIDUsageDescription = "We need FaceID to unlock";
				INFOPLIST_KEY_UIApplicationSceneManifest_Generation = YES;
				INFOPLIST_KEY_UIApplicationSupportsIndirectInputEvents = YES;
				INFOPLIST_KEY_UILaunchScreen_Generation = YES;
				INFOPLIST_KEY_UILaunchStoryboardName = "Launch Screen.storyboard";
				INFOPLIST_KEY_UISupportedInterfaceOrientations = UIInterfaceOrientationPortrait;
				INFOPLIST_KEY_UISupportedInterfaceOrientations_iPad = "UIInterfaceOrientationLandscapeLeft UIInterfaceOrientationLandscapeRight UIInterfaceOrientationPortrait UIInterfaceOrientationPortraitUpsideDown";
				IPHONEOS_DEPLOYMENT_TARGET = 14.0;
				LD_RUNPATH_SEARCH_PATHS = (
					"$(inherited)",
					"@executable_path/Frameworks",
				);
				MARKETING_VERSION = 1.0;
				PRODUCT_BUNDLE_IDENTIFIER = DuyThai.CryptoTracking;
				PRODUCT_NAME = "$(TARGET_NAME)";
				SUPPORTED_PLATFORMS = "iphoneos iphonesimulator";
				SUPPORTS_MACCATALYST = NO;
				SUPPORTS_MAC_DESIGNED_FOR_IPHONE_IPAD = NO;
				SWIFT_EMIT_LOC_STRINGS = YES;
				SWIFT_VERSION = 5.0;
				TARGETED_DEVICE_FAMILY = 1;
			};
			name = Debug;
		};
		1AB6AC3B2ACC1B1A00A0A6E2 /* Release */ = {
			isa = XCBuildConfiguration;
			baseConfigurationReference = C619D60CF08B99556D19B6A3 /* Pods-CryptoTracking.release.xcconfig */;
			buildSettings = {
				ASSETCATALOG_COMPILER_APPICON_NAME = AppIcon;
				ASSETCATALOG_COMPILER_GLOBAL_ACCENT_COLOR_NAME = AccentColor;
				ASSETCATALOG_COMPILER_INCLUDE_ALL_APPICON_ASSETS = YES;
				CODE_SIGN_STYLE = Automatic;
				CURRENT_PROJECT_VERSION = 1;
				DEVELOPMENT_ASSET_PATHS = "\"CryptoTracking/Preview Content\"";
				DEVELOPMENT_TEAM = BZD66Y59V5;
				ENABLE_PREVIEWS = YES;
				GENERATE_INFOPLIST_FILE = YES;
				INFOPLIST_FILE = CryptoTracking/Info.plist;
				INFOPLIST_KEY_NSCameraUsageDescription = "";
				INFOPLIST_KEY_NSFaceIDUsageDescription = "We need FaceID to unlock";
				INFOPLIST_KEY_UIApplicationSceneManifest_Generation = YES;
				INFOPLIST_KEY_UIApplicationSupportsIndirectInputEvents = YES;
				INFOPLIST_KEY_UILaunchScreen_Generation = YES;
				INFOPLIST_KEY_UILaunchStoryboardName = "Launch Screen.storyboard";
				INFOPLIST_KEY_UISupportedInterfaceOrientations = UIInterfaceOrientationPortrait;
				INFOPLIST_KEY_UISupportedInterfaceOrientations_iPad = "UIInterfaceOrientationLandscapeLeft UIInterfaceOrientationLandscapeRight UIInterfaceOrientationPortrait UIInterfaceOrientationPortraitUpsideDown";
				IPHONEOS_DEPLOYMENT_TARGET = 14.0;
				LD_RUNPATH_SEARCH_PATHS = (
					"$(inherited)",
					"@executable_path/Frameworks",
				);
				MARKETING_VERSION = 1.0;
				PRODUCT_BUNDLE_IDENTIFIER = DuyThai.CryptoTracking;
				PRODUCT_NAME = "$(TARGET_NAME)";
				SUPPORTED_PLATFORMS = "iphoneos iphonesimulator";
				SUPPORTS_MACCATALYST = NO;
				SUPPORTS_MAC_DESIGNED_FOR_IPHONE_IPAD = NO;
				SWIFT_EMIT_LOC_STRINGS = YES;
				SWIFT_VERSION = 5.0;
				TARGETED_DEVICE_FAMILY = 1;
			};
			name = Release;
		};
/* End XCBuildConfiguration section */

/* Begin XCConfigurationList section */
		1AB6AC212ACC1B1700A0A6E2 /* Build configuration list for PBXProject "CryptoTracking" */ = {
			isa = XCConfigurationList;
			buildConfigurations = (
				1AB6AC372ACC1B1A00A0A6E2 /* Debug */,
				1AB6AC382ACC1B1A00A0A6E2 /* Release */,
			);
			defaultConfigurationIsVisible = 0;
			defaultConfigurationName = Release;
		};
		1AB6AC392ACC1B1A00A0A6E2 /* Build configuration list for PBXNativeTarget "CryptoTracking" */ = {
			isa = XCConfigurationList;
			buildConfigurations = (
				1AB6AC3A2ACC1B1A00A0A6E2 /* Debug */,
				1AB6AC3B2ACC1B1A00A0A6E2 /* Release */,
			);
			defaultConfigurationIsVisible = 0;
			defaultConfigurationName = Release;
		};
/* End XCConfigurationList section */

/* Begin XCRemoteSwiftPackageReference section */
		1A4827A42AF3924100DDCC81 /* XCRemoteSwiftPackageReference "swiftui-navigation" */ = {
			isa = XCRemoteSwiftPackageReference;
			repositoryURL = "https://github.com/pointfreeco/swiftui-navigation";
			requirement = {
				kind = upToNextMajorVersion;
				minimumVersion = 1.0.0;
			};
		};
		1A86CC062ACD4B8B00CDD0B5 /* XCRemoteSwiftPackageReference "pure-swift-ui" */ = {
			isa = XCRemoteSwiftPackageReference;
			repositoryURL = "https://github.com/CodeSlicing/pure-swift-ui.git";
			requirement = {
				kind = upToNextMajorVersion;
				minimumVersion = 3.0.0;
			};
		};
/* End XCRemoteSwiftPackageReference section */

/* Begin XCSwiftPackageProductDependency section */
		1A4827A52AF3924100DDCC81 /* SwiftUINavigation */ = {
			isa = XCSwiftPackageProductDependency;
			package = 1A4827A42AF3924100DDCC81 /* XCRemoteSwiftPackageReference "swiftui-navigation" */;
			productName = SwiftUINavigation;
		};
		1A86CC072ACD4B8B00CDD0B5 /* PureSwiftUI */ = {
			isa = XCSwiftPackageProductDependency;
			package = 1A86CC062ACD4B8B00CDD0B5 /* XCRemoteSwiftPackageReference "pure-swift-ui" */;
			productName = PureSwiftUI;
		};
/* End XCSwiftPackageProductDependency section */

/* Begin XCVersionGroup section */
		1AB6AC342ACC1B1A00A0A6E2 /* CryptoTracking.xcdatamodeld */ = {
			isa = XCVersionGroup;
			children = (
				1AB6AC352ACC1B1A00A0A6E2 /* CryptoTracking.xcdatamodel */,
			);
			currentVersion = 1AB6AC352ACC1B1A00A0A6E2 /* CryptoTracking.xcdatamodel */;
			path = CryptoTracking.xcdatamodeld;
			sourceTree = "<group>";
			versionGroupType = wrapper.xcdatamodel;
		};
/* End XCVersionGroup section */
	};
	rootObject = 1AB6AC1E2ACC1B1700A0A6E2 /* Project object */;
}
